<Solution>
  <Folder Name="/bootstrapper/">
    <Project Path="bootstrapper/Api/Api.csproj" Id="ee485680-1b2c-4549-a985-2d6edd828ee3" />
  </Folder>
  <Folder Name="/modules/" />
  <Folder Name="/modules/basket/">
    <Project Path="modules/basket/Basket/Basket.csproj" Id="c465ff83-d1fb-4901-902f-8598402b452d" />
  </Folder>
  <Folder Name="/modules/catalog/">
    <Project Path="modules/catalog/Catalog.Contracts/Catalog.Contracts.csproj" Id="31556260-3cdd-48d2-8a3d-00ba0e48f411" />
    <Project Path="modules/catalog/Catalog/Catalog.csproj" Id="facefc74-ee72-4254-be64-dc2a97c590df" />
  </Folder>
  <Folder Name="/modules/ordering/">
    <Project Path="modules/ordering/Ordering/Ordering.csproj" Id="b2e61f3b-daca-488f-83d6-344f599bc148" />
  </Folder>
  <Folder Name="/shared/">
    <Project Path="shared/Shared.Contracts/Shared.Contracts.csproj" />
    <Project Path="shared/Shared.Messaging/Shared.Messaging.csproj" Id="b555ad1d-e5b3-4def-ad62-44e941c71229" />
    <Project Path="shared/Shared/Shared.csproj" Id="54b07afa-1833-4762-a5cc-b0d9c7131dc7" />
  </Folder>
  <Project Path="docker-compose.dcproj">
    <Build />
  </Project>
</Solution>
